
Microsoft Visual Studio Solution File, Format Version 12.00
# Visual Studio Version 16
VisualStudioVersion = 16.0.32929.386
MinimumVisualStudioVersion = 10.0.40219.1
Project("{FAE04EC0-301F-11D3-BF4B-00C04F79EFBC}") = "FinalProjesi2", "FinalProjesi2\FinalProjesi2.csproj", "{663EFA94-0A01-4A3B-A01C-5ABF88160D2F}"
EndProject
Global
	GlobalSection(SolutionConfigurationPlatforms) = preSolution
		Debug|Any CPU = Debug|Any CPU
		Release|Any CPU = Release|Any CPU
	EndGlobalSection
	GlobalSection(ProjectConfigurationPlatforms) = postSolution
		{663EFA94-0A01-4A3B-A01C-5ABF88160D2F}.Debug|Any CPU.ActiveCfg = Debug|Any CPU
		{663EFA94-0A01-4A3B-A01C-5ABF88160D2F}.Debug|Any CPU.Build.0 = Debug|Any CPU
		{663EFA94-0A01-4A3B-A01C-5ABF88160D2F}.Release|Any CPU.ActiveCfg = Release|Any CPU
		{663EFA94-0A01-4A3B-A01C-5ABF88160D2F}.Release|Any CPU.Build.0 = Release|Any CPU
	EndGlobalSection
	GlobalSection(SolutionProperties) = preSolution
		HideSolutionNode = FALSE
	EndGlobalSection
	GlobalSection(ExtensibilityGlobals) = postSolution
		SolutionGuid = {0676B185-8650-4C5C-9544-BCDD5C8008F3}
	EndGlobalSection
EndGlobal
